
Microsoft Visual Studio Solution File, Format Version 12.00
# Visual Studio Version 17
VisualStudioVersion = 17.11.34929.205
MinimumVisualStudioVersion = 10.0.40219.1
Project("{FAE04EC0-301F-11D3-BF4B-00C04F79EFBC}") = "ParkingZoneWebApi", "ParkingZoneWebApi.csproj", "{60E174CA-EC13-4F0B-932F-BEBC1EEA7F47}"
EndProject
Global
	GlobalSection(SolutionConfigurationPlatforms) = preSolution
		Debug|Any CPU = Debug|Any CPU
		Release|Any CPU = Release|Any CPU
	EndGlobalSection
	GlobalSection(ProjectConfigurationPlatforms) = postSolution
		{60E174CA-EC13-4F0B-932F-BEBC1EEA7F47}.Debug|Any CPU.ActiveCfg = Debug|Any CPU
		{60E174CA-EC13-4F0B-932F-BEBC1EEA7F47}.Debug|Any CPU.Build.0 = Debug|Any CPU
		{60E174CA-EC13-4F0B-932F-BEBC1EEA7F47}.Release|Any CPU.ActiveCfg = Release|Any CPU
		{60E174CA-EC13-4F0B-932F-BEBC1EEA7F47}.Release|Any CPU.Build.0 = Release|Any CPU
	EndGlobalSection
	GlobalSection(SolutionProperties) = preSolution
		HideSolutionNode = FALSE
	EndGlobalSection
	GlobalSection(ExtensibilityGlobals) = postSolution
		SolutionGuid = {DE80FA22-F425-43C4-826E-3BAB361BA2A5}
	EndGlobalSection
EndGlobal
